// !$*UTF8*$!
{
	archiveVersion = 1;
	classes = {
	};
	objectVersion = 45;
	objects = {

/* Begin PBXBuildFile section */
		1D3623260D0F684500981E51 /* UKTVTweeterAppDelegate.m in Sources */ = {isa = PBXBuildFile; fileRef = 1D3623250D0F684500981E51 /* UKTVTweeterAppDelegate.m */; };
		1D60589B0D05DD56006BFB54 /* main.m in Sources */ = {isa = PBXBuildFile; fileRef = 29B97316FDCFA39411CA2CEA /* main.m */; };
		1D60589F0D05DD5A006BFB54 /* Foundation.framework in Frameworks */ = {isa = PBXBuildFile; fileRef = 1D30AB110D05D00D00671497 /* Foundation.framework */; };
		1DF5F4E00D08C38300B7A737 /* UIKit.framework in Frameworks */ = {isa = PBXBuildFile; fileRef = 1DF5F4DF0D08C38300B7A737 /* UIKit.framework */; };
		288765A50DF7441C002DB57D /* CoreGraphics.framework in Frameworks */ = {isa = PBXBuildFile; fileRef = 288765A40DF7441C002DB57D /* CoreGraphics.framework */; };
		28AD733F0D9D9553002E5188 /* MainWindow.xib in Resources */ = {isa = PBXBuildFile; fileRef = 28AD733E0D9D9553002E5188 /* MainWindow.xib */; };
		BC91BE0712CE2D9F00B36C0C /* bbc_one.png in Resources */ = {isa = PBXBuildFile; fileRef = BC91BE0612CE2D9F00B36C0C /* bbc_one.png */; };
		BC91BE0D12CE2E1100B36C0C /* bbc_four.png in Resources */ = {isa = PBXBuildFile; fileRef = BC91BE0A12CE2E1000B36C0C /* bbc_four.png */; };
		BC91BE0E12CE2E1100B36C0C /* bbc_three.png in Resources */ = {isa = PBXBuildFile; fileRef = BC91BE0B12CE2E1100B36C0C /* bbc_three.png */; };
		BC91BE0F12CE2E1100B36C0C /* bbc_two.png in Resources */ = {isa = PBXBuildFile; fileRef = BC91BE0C12CE2E1100B36C0C /* bbc_two.png */; };
		BC91BE2312CE4CA400B36C0C /* ChannelChooser.m in Sources */ = {isa = PBXBuildFile; fileRef = BC91BE2212CE4CA400B36C0C /* ChannelChooser.m */; };
		BC91BE2612CE4CB500B36C0C /* Tweeter.m in Sources */ = {isa = PBXBuildFile; fileRef = BC91BE2512CE4CB500B36C0C /* Tweeter.m */; };
		BC91BE2812CE4CEF00B36C0C /* ChannelChooser.xib in Resources */ = {isa = PBXBuildFile; fileRef = BC91BE2712CE4CEF00B36C0C /* ChannelChooser.xib */; };
		BC91BE2A12CE4CFB00B36C0C /* Tweeter.xib in Resources */ = {isa = PBXBuildFile; fileRef = BC91BE2912CE4CFB00B36C0C /* Tweeter.xib */; };
		BC91BF7B12D0FE8F00B36C0C /* Programme.m in Sources */ = {isa = PBXBuildFile; fileRef = BC91BF7A12D0FE8F00B36C0C /* Programme.m */; };
		BC91C0E112D10CA900B36C0C /* QuartzCore.framework in Frameworks */ = {isa = PBXBuildFile; fileRef = BC91C0E012D10CA900B36C0C /* QuartzCore.framework */; };
		BC91C27F12D1385A00B36C0C /* libjson.a in Frameworks */ = {isa = PBXBuildFile; fileRef = BC91C27B12D1385600B36C0C /* libjson.a */; };
		BC91C45712D29F2800B36C0C /* AtlasScheduleClient.m in Sources */ = {isa = PBXBuildFile; fileRef = BC91C45612D29F2800B36C0C /* AtlasScheduleClient.m */; };
		BC91C4F412D8C91A00B36C0C /* BitlyClient.m in Sources */ = {isa = PBXBuildFile; fileRef = BC91C4F312D8C91A00B36C0C /* BitlyClient.m */; };
		BC98CF1E12DA7A7B006904AD /* Channel.m in Sources */ = {isa = PBXBuildFile; fileRef = BC98CF1D12DA7A7B006904AD /* Channel.m */; };
/* End PBXBuildFile section */

/* Begin PBXContainerItemProxy section */
		BC91C27612D1385600B36C0C /* PBXContainerItemProxy */ = {
			isa = PBXContainerItemProxy;
			containerPortal = BC91C26B12D1385600B36C0C /* JSON.xcodeproj */;
			proxyType = 2;
			remoteGlobalIDString = 53D229810C96121600276605;
			remoteInfo = JSON;
		};
		BC91C27812D1385600B36C0C /* PBXContainerItemProxy */ = {
			isa = PBXContainerItemProxy;
			containerPortal = BC91C26B12D1385600B36C0C /* JSON.xcodeproj */;
			proxyType = 2;
			remoteGlobalIDString = 53D2298D0C96122A00276605;
			remoteInfo = Tests;
		};
		BC91C27A12D1385600B36C0C /* PBXContainerItemProxy */ = {
			isa = PBXContainerItemProxy;
			containerPortal = BC91C26B12D1385600B36C0C /* JSON.xcodeproj */;
			proxyType = 2;
			remoteGlobalIDString = FE2BBD800D8B0D3900184787;
			remoteInfo = libjson;
		};
		BC91C27C12D1385600B36C0C /* PBXContainerItemProxy */ = {
			isa = PBXContainerItemProxy;
			containerPortal = BC91C26B12D1385600B36C0C /* JSON.xcodeproj */;
			proxyType = 2;
			remoteGlobalIDString = FE2BBDAB0D8B0EE000184787;
			remoteInfo = libjsontests;
		};
		BC91C28E12D13C8F00B36C0C /* PBXContainerItemProxy */ = {
			isa = PBXContainerItemProxy;
			containerPortal = BC91C26B12D1385600B36C0C /* JSON.xcodeproj */;
			proxyType = 1;
			remoteGlobalIDString = FE2BBD7F0D8B0D3900184787;
			remoteInfo = libjson;
		};
/* End PBXContainerItemProxy section */

/* Begin PBXFileReference section */
		1D30AB110D05D00D00671497 /* Foundation.framework */ = {isa = PBXFileReference; lastKnownFileType = wrapper.framework; name = Foundation.framework; path = System/Library/Frameworks/Foundation.framework; sourceTree = SDKROOT; };
		1D3623240D0F684500981E51 /* UKTVTweeterAppDelegate.h */ = {isa = PBXFileReference; fileEncoding = 4; lastKnownFileType = sourcecode.c.h; path = UKTVTweeterAppDelegate.h; sourceTree = "<group>"; };
		1D3623250D0F684500981E51 /* UKTVTweeterAppDelegate.m */ = {isa = PBXFileReference; fileEncoding = 4; lastKnownFileType = sourcecode.c.objc; path = UKTVTweeterAppDelegate.m; sourceTree = "<group>"; };
		1D6058910D05DD3D006BFB54 /* UKTVTweeter.app */ = {isa = PBXFileReference; explicitFileType = wrapper.application; includeInIndex = 0; path = UKTVTweeter.app; sourceTree = BUILT_PRODUCTS_DIR; };
		1DF5F4DF0D08C38300B7A737 /* UIKit.framework */ = {isa = PBXFileReference; lastKnownFileType = wrapper.framework; name = UIKit.framework; path = System/Library/Frameworks/UIKit.framework; sourceTree = SDKROOT; };
		288765A40DF7441C002DB57D /* CoreGraphics.framework */ = {isa = PBXFileReference; lastKnownFileType = wrapper.framework; name = CoreGraphics.framework; path = System/Library/Frameworks/CoreGraphics.framework; sourceTree = SDKROOT; };
		28AD733E0D9D9553002E5188 /* MainWindow.xib */ = {isa = PBXFileReference; lastKnownFileType = file.xib; path = MainWindow.xib; sourceTree = "<group>"; };
		29B97316FDCFA39411CA2CEA /* main.m */ = {isa = PBXFileReference; fileEncoding = 4; lastKnownFileType = sourcecode.c.objc; path = main.m; sourceTree = "<group>"; };
		32CA4F630368D1EE00C91783 /* UKTVTweeter_Prefix.pch */ = {isa = PBXFileReference; fileEncoding = 4; lastKnownFileType = sourcecode.c.h; path = UKTVTweeter_Prefix.pch; sourceTree = "<group>"; };
		8D1107310486CEB800E47090 /* UKTVTweeter-Info.plist */ = {isa = PBXFileReference; fileEncoding = 4; lastKnownFileType = text.plist.xml; path = "UKTVTweeter-Info.plist"; plistStructureDefinitionIdentifier = "com.apple.xcode.plist.structure-definition.iphone.info-plist"; sourceTree = "<group>"; };
		BC91BE0612CE2D9F00B36C0C /* bbc_one.png */ = {isa = PBXFileReference; lastKnownFileType = image.png; path = bbc_one.png; sourceTree = "<group>"; };
		BC91BE0A12CE2E1000B36C0C /* bbc_four.png */ = {isa = PBXFileReference; lastKnownFileType = image.png; path = bbc_four.png; sourceTree = "<group>"; };
		BC91BE0B12CE2E1100B36C0C /* bbc_three.png */ = {isa = PBXFileReference; lastKnownFileType = image.png; path = bbc_three.png; sourceTree = "<group>"; };
		BC91BE0C12CE2E1100B36C0C /* bbc_two.png */ = {isa = PBXFileReference; lastKnownFileType = image.png; path = bbc_two.png; sourceTree = "<group>"; };
		BC91BE2112CE4CA400B36C0C /* ChannelChooser.h */ = {isa = PBXFileReference; fileEncoding = 4; lastKnownFileType = sourcecode.c.h; path = ChannelChooser.h; sourceTree = "<group>"; };
		BC91BE2212CE4CA400B36C0C /* ChannelChooser.m */ = {isa = PBXFileReference; fileEncoding = 4; lastKnownFileType = sourcecode.c.objc; path = ChannelChooser.m; sourceTree = "<group>"; };
		BC91BE2412CE4CB500B36C0C /* Tweeter.h */ = {isa = PBXFileReference; fileEncoding = 4; lastKnownFileType = sourcecode.c.h; path = Tweeter.h; sourceTree = "<group>"; };
		BC91BE2512CE4CB500B36C0C /* Tweeter.m */ = {isa = PBXFileReference; fileEncoding = 4; lastKnownFileType = sourcecode.c.objc; path = Tweeter.m; sourceTree = "<group>"; };
		BC91BE2712CE4CEF00B36C0C /* ChannelChooser.xib */ = {isa = PBXFileReference; lastKnownFileType = file.xib; path = ChannelChooser.xib; sourceTree = "<group>"; };
		BC91BE2912CE4CFB00B36C0C /* Tweeter.xib */ = {isa = PBXFileReference; lastKnownFileType = file.xib; path = Tweeter.xib; sourceTree = "<group>"; };
		BC91BF7912D0FE8F00B36C0C /* Programme.h */ = {isa = PBXFileReference; fileEncoding = 4; lastKnownFileType = sourcecode.c.h; path = Programme.h; sourceTree = "<group>"; };
		BC91BF7A12D0FE8F00B36C0C /* Programme.m */ = {isa = PBXFileReference; fileEncoding = 4; lastKnownFileType = sourcecode.c.objc; path = Programme.m; sourceTree = "<group>"; };
		BC91C0E012D10CA900B36C0C /* QuartzCore.framework */ = {isa = PBXFileReference; lastKnownFileType = wrapper.framework; name = QuartzCore.framework; path = System/Library/Frameworks/QuartzCore.framework; sourceTree = SDKROOT; };
		BC91C26B12D1385600B36C0C /* JSON.xcodeproj */ = {isa = PBXFileReference; lastKnownFileType = "wrapper.pb-project"; name = JSON.xcodeproj; path = "../stig-json-framework-1ae01ae/JSON.xcodeproj"; sourceTree = SOURCE_ROOT; };
		BC91C45512D29F2800B36C0C /* AtlasScheduleClient.h */ = {isa = PBXFileReference; fileEncoding = 4; lastKnownFileType = sourcecode.c.h; path = AtlasScheduleClient.h; sourceTree = "<group>"; };
		BC91C45612D29F2800B36C0C /* AtlasScheduleClient.m */ = {isa = PBXFileReference; fileEncoding = 4; lastKnownFileType = sourcecode.c.objc; path = AtlasScheduleClient.m; sourceTree = "<group>"; };
		BC91C45912D2A16700B36C0C /* AtlasScheduleDelegate.h */ = {isa = PBXFileReference; fileEncoding = 4; lastKnownFileType = sourcecode.c.h; path = AtlasScheduleDelegate.h; sourceTree = "<group>"; };
		BC91C4F112D7EDBF00B36C0C /* BitlyDelegate.h */ = {isa = PBXFileReference; fileEncoding = 4; lastKnownFileType = sourcecode.c.h; path = BitlyDelegate.h; sourceTree = "<group>"; };
		BC91C4F212D8C91A00B36C0C /* BitlyClient.h */ = {isa = PBXFileReference; fileEncoding = 4; lastKnownFileType = sourcecode.c.h; path = BitlyClient.h; sourceTree = "<group>"; };
		BC91C4F312D8C91A00B36C0C /* BitlyClient.m */ = {isa = PBXFileReference; fileEncoding = 4; lastKnownFileType = sourcecode.c.objc; path = BitlyClient.m; sourceTree = "<group>"; };
		BC98CF1C12DA7A7B006904AD /* Channel.h */ = {isa = PBXFileReference; fileEncoding = 4; lastKnownFileType = sourcecode.c.h; path = Channel.h; sourceTree = "<group>"; };
		BC98CF1D12DA7A7B006904AD /* Channel.m */ = {isa = PBXFileReference; fileEncoding = 4; lastKnownFileType = sourcecode.c.objc; path = Channel.m; sourceTree = "<group>"; };
/* End PBXFileReference section */

/* Begin PBXFrameworksBuildPhase section */
		1D60588F0D05DD3D006BFB54 /* Frameworks */ = {
			isa = PBXFrameworksBuildPhase;
			buildActionMask = 2147483647;
			files = (
				1D60589F0D05DD5A006BFB54 /* Foundation.framework in Frameworks */,
				1DF5F4E00D08C38300B7A737 /* UIKit.framework in Frameworks */,
				288765A50DF7441C002DB57D /* CoreGraphics.framework in Frameworks */,
				BC91C0E112D10CA900B36C0C /* QuartzCore.framework in Frameworks */,
				BC91C27F12D1385A00B36C0C /* libjson.a in Frameworks */,
			);
			runOnlyForDeploymentPostprocessing = 0;
		};
/* End PBXFrameworksBuildPhase section */

/* Begin PBXGroup section */
		080E96DDFE201D6D7F000001 /* Classes */ = {
			isa = PBXGroup;
			children = (
				1D3623240D0F684500981E51 /* UKTVTweeterAppDelegate.h */,
				1D3623250D0F684500981E51 /* UKTVTweeterAppDelegate.m */,
				BC91BE2112CE4CA400B36C0C /* ChannelChooser.h */,
				BC91BE2212CE4CA400B36C0C /* ChannelChooser.m */,
				BC91BE2412CE4CB500B36C0C /* Tweeter.h */,
				BC91BE2512CE4CB500B36C0C /* Tweeter.m */,
				BC91BF7912D0FE8F00B36C0C /* Programme.h */,
				BC91BF7A12D0FE8F00B36C0C /* Programme.m */,
				BC91C45512D29F2800B36C0C /* AtlasScheduleClient.h */,
				BC91C45612D29F2800B36C0C /* AtlasScheduleClient.m */,
				BC91C45912D2A16700B36C0C /* AtlasScheduleDelegate.h */,
				BC91C4F112D7EDBF00B36C0C /* BitlyDelegate.h */,
				BC91C4F212D8C91A00B36C0C /* BitlyClient.h */,
				BC91C4F312D8C91A00B36C0C /* BitlyClient.m */,
				BC98CF1C12DA7A7B006904AD /* Channel.h */,
				BC98CF1D12DA7A7B006904AD /* Channel.m */,
			);
			path = Classes;
			sourceTree = "<group>";
		};
		19C28FACFE9D520D11CA2CBB /* Products */ = {
			isa = PBXGroup;
			children = (
				1D6058910D05DD3D006BFB54 /* UKTVTweeter.app */,
			);
			name = Products;
			sourceTree = "<group>";
		};
		29B97314FDCFA39411CA2CEA /* CustomTemplate */ = {
			isa = PBXGroup;
			children = (
				BC91C26B12D1385600B36C0C /* JSON.xcodeproj */,
				080E96DDFE201D6D7F000001 /* Classes */,
				29B97315FDCFA39411CA2CEA /* Other Sources */,
				29B97317FDCFA39411CA2CEA /* Resources */,
				29B97323FDCFA39411CA2CEA /* Frameworks */,
				19C28FACFE9D520D11CA2CBB /* Products */,
			);
			name = CustomTemplate;
			sourceTree = "<group>";
		};
		29B97315FDCFA39411CA2CEA /* Other Sources */ = {
			isa = PBXGroup;
			children = (
				32CA4F630368D1EE00C91783 /* UKTVTweeter_Prefix.pch */,
				29B97316FDCFA39411CA2CEA /* main.m */,
			);
			name = "Other Sources";
			sourceTree = "<group>";
		};
		29B97317FDCFA39411CA2CEA /* Resources */ = {
			isa = PBXGroup;
			children = (
				BC91BE0A12CE2E1000B36C0C /* bbc_four.png */,
				BC91BE0B12CE2E1100B36C0C /* bbc_three.png */,
				BC91BE0C12CE2E1100B36C0C /* bbc_two.png */,
				BC91BE0612CE2D9F00B36C0C /* bbc_one.png */,
				28AD733E0D9D9553002E5188 /* MainWindow.xib */,
				8D1107310486CEB800E47090 /* UKTVTweeter-Info.plist */,
				BC91BE2712CE4CEF00B36C0C /* ChannelChooser.xib */,
				BC91BE2912CE4CFB00B36C0C /* Tweeter.xib */,
			);
			name = Resources;
			sourceTree = "<group>";
		};
		29B97323FDCFA39411CA2CEA /* Frameworks */ = {
			isa = PBXGroup;
			children = (
				1DF5F4DF0D08C38300B7A737 /* UIKit.framework */,
				1D30AB110D05D00D00671497 /* Foundation.framework */,
				288765A40DF7441C002DB57D /* CoreGraphics.framework */,
				BC91C0E012D10CA900B36C0C /* QuartzCore.framework */,
			);
			name = Frameworks;
			sourceTree = "<group>";
		};
		BC91C26C12D1385600B36C0C /* Products */ = {
			isa = PBXGroup;
			children = (
				BC91C27712D1385600B36C0C /* JSON.framework */,
				BC91C27912D1385600B36C0C /* Tests.octest */,
				BC91C27B12D1385600B36C0C /* libjson.a */,
				BC91C27D12D1385600B36C0C /* libjsontests.octest */,
			);
			name = Products;
			sourceTree = "<group>";
		};
/* End PBXGroup section */

/* Begin PBXNativeTarget section */
		1D6058900D05DD3D006BFB54 /* UKTVTweeter */ = {
			isa = PBXNativeTarget;
			buildConfigurationList = 1D6058960D05DD3E006BFB54 /* Build configuration list for PBXNativeTarget "UKTVTweeter" */;
			buildPhases = (
				1D60588D0D05DD3D006BFB54 /* Resources */,
				1D60588E0D05DD3D006BFB54 /* Sources */,
				1D60588F0D05DD3D006BFB54 /* Frameworks */,
			);
			buildRules = (
			);
			dependencies = (
				BC91C28F12D13C8F00B36C0C /* PBXTargetDependency */,
			);
			name = UKTVTweeter;
			productName = UKTVTweeter;
			productReference = 1D6058910D05DD3D006BFB54 /* UKTVTweeter.app */;
			productType = "com.apple.product-type.application";
		};
/* End PBXNativeTarget section */

/* Begin PBXProject section */
		29B97313FDCFA39411CA2CEA /* Project object */ = {
			isa = PBXProject;
			buildConfigurationList = C01FCF4E08A954540054247B /* Build configuration list for PBXProject "UKTVTweeter" */;
			compatibilityVersion = "Xcode 3.1";
			developmentRegion = English;
			hasScannedForEncodings = 1;
			knownRegions = (
				English,
				Japanese,
				French,
				German,
			);
			mainGroup = 29B97314FDCFA39411CA2CEA /* CustomTemplate */;
			projectDirPath = "";
			projectReferences = (
				{
					ProductGroup = BC91C26C12D1385600B36C0C /* Products */;
					ProjectRef = BC91C26B12D1385600B36C0C /* JSON.xcodeproj */;
				},
			);
			projectRoot = "";
			targets = (
				1D6058900D05DD3D006BFB54 /* UKTVTweeter */,
			);
		};
/* End PBXProject section */

/* Begin PBXReferenceProxy section */
		BC91C27712D1385600B36C0C /* JSON.framework */ = {
			isa = PBXReferenceProxy;
			fileType = wrapper.framework;
			path = JSON.framework;
			remoteRef = BC91C27612D1385600B36C0C /* PBXContainerItemProxy */;
			sourceTree = BUILT_PRODUCTS_DIR;
		};
		BC91C27912D1385600B36C0C /* Tests.octest */ = {
			isa = PBXReferenceProxy;
			fileType = wrapper.cfbundle;
			path = Tests.octest;
			remoteRef = BC91C27812D1385600B36C0C /* PBXContainerItemProxy */;
			sourceTree = BUILT_PRODUCTS_DIR;
		};
		BC91C27B12D1385600B36C0C /* libjson.a */ = {
			isa = PBXReferenceProxy;
			fileType = archive.ar;
			path = libjson.a;
			remoteRef = BC91C27A12D1385600B36C0C /* PBXContainerItemProxy */;
			sourceTree = BUILT_PRODUCTS_DIR;
		};
		BC91C27D12D1385600B36C0C /* libjsontests.octest */ = {
			isa = PBXReferenceProxy;
			fileType = wrapper.cfbundle;
			path = libjsontests.octest;
			remoteRef = BC91C27C12D1385600B36C0C /* PBXContainerItemProxy */;
			sourceTree = BUILT_PRODUCTS_DIR;
		};
/* End PBXReferenceProxy section */

/* Begin PBXResourcesBuildPhase section */
		1D60588D0D05DD3D006BFB54 /* Resources */ = {
			isa = PBXResourcesBuildPhase;
			buildActionMask = 2147483647;
			files = (
				28AD733F0D9D9553002E5188 /* MainWindow.xib in Resources */,
				BC91BE0712CE2D9F00B36C0C /* bbc_one.png in Resources */,
				BC91BE0D12CE2E1100B36C0C /* bbc_four.png in Resources */,
				BC91BE0E12CE2E1100B36C0C /* bbc_three.png in Resources */,
				BC91BE0F12CE2E1100B36C0C /* bbc_two.png in Resources */,
				BC91BE2812CE4CEF00B36C0C /* ChannelChooser.xib in Resources */,
				BC91BE2A12CE4CFB00B36C0C /* Tweeter.xib in Resources */,
			);
			runOnlyForDeploymentPostprocessing = 0;
		};
/* End PBXResourcesBuildPhase section */

/* Begin PBXSourcesBuildPhase section */
		1D60588E0D05DD3D006BFB54 /* Sources */ = {
			isa = PBXSourcesBuildPhase;
			buildActionMask = 2147483647;
			files = (
				1D60589B0D05DD56006BFB54 /* main.m in Sources */,
				1D3623260D0F684500981E51 /* UKTVTweeterAppDelegate.m in Sources */,
				BC91BE2312CE4CA400B36C0C /* ChannelChooser.m in Sources */,
				BC91BE2612CE4CB500B36C0C /* Tweeter.m in Sources */,
				BC91BF7B12D0FE8F00B36C0C /* Programme.m in Sources */,
				BC91C45712D29F2800B36C0C /* AtlasScheduleClient.m in Sources */,
				BC91C4F412D8C91A00B36C0C /* BitlyClient.m in Sources */,
				BC98CF1E12DA7A7B006904AD /* Channel.m in Sources */,
			);
			runOnlyForDeploymentPostprocessing = 0;
		};
/* End PBXSourcesBuildPhase section */

/* Begin PBXTargetDependency section */
		BC91C28F12D13C8F00B36C0C /* PBXTargetDependency */ = {
			isa = PBXTargetDependency;
			name = libjson;
			targetProxy = BC91C28E12D13C8F00B36C0C /* PBXContainerItemProxy */;
		};
/* End PBXTargetDependency section */

/* Begin XCBuildConfiguration section */
		1D6058940D05DD3E006BFB54 /* Debug */ = {
			isa = XCBuildConfiguration;
			buildSettings = {
				ALWAYS_SEARCH_USER_PATHS = NO;
				COPY_PHASE_STRIP = NO;
				GCC_DYNAMIC_NO_PIC = NO;
				GCC_OPTIMIZATION_LEVEL = 0;
				GCC_PRECOMPILE_PREFIX_HEADER = YES;
				GCC_PREFIX_HEADER = UKTVTweeter_Prefix.pch;
				INFOPLIST_FILE = "UKTVTweeter-Info.plist";
				PRODUCT_NAME = UKTVTweeter;
			};
			name = Debug;
		};
		1D6058950D05DD3E006BFB54 /* Release */ = {
			isa = XCBuildConfiguration;
			buildSettings = {
				ALWAYS_SEARCH_USER_PATHS = NO;
				COPY_PHASE_STRIP = YES;
				GCC_PRECOMPILE_PREFIX_HEADER = YES;
				GCC_PREFIX_HEADER = UKTVTweeter_Prefix.pch;
				INFOPLIST_FILE = "UKTVTweeter-Info.plist";
				PRODUCT_NAME = UKTVTweeter;
				VALIDATE_PRODUCT = YES;
			};
			name = Release;
		};
		C01FCF4F08A954540054247B /* Debug */ = {
			isa = XCBuildConfiguration;
			buildSettings = {
				ARCHS = "$(ARCHS_STANDARD_32_BIT)";
				"CODE_SIGN_IDENTITY[sdk=iphoneos*]" = "iPhone Developer";
				GCC_C_LANGUAGE_STANDARD = c99;
				GCC_WARN_ABOUT_RETURN_TYPE = YES;
				GCC_WARN_UNUSED_VARIABLE = YES;
				HEADER_SEARCH_PATHS = (
					/tmp/JSON.dst/usr/local/include,
					../three20/Build/Products/three20,
				);
				OTHER_LDFLAGS = (
					"-ObjC",
					"-all_load",
				);
				PREBINDING = NO;
				SDKROOT = iphoneos4.1;
			};
			name = Debug;
		};
		C01FCF5008A954540054247B /* Release */ = {
			isa = XCBuildConfiguration;
			buildSettings = {
				ARCHS = "$(ARCHS_STANDARD_32_BIT)";
				"CODE_SIGN_IDENTITY[sdk=iphoneos*]" = "iPhone Developer";
				GCC_C_LANGUAGE_STANDARD = c99;
				GCC_WARN_ABOUT_RETURN_TYPE = YES;
				GCC_WARN_UNUSED_VARIABLE = YES;
				OTHER_CFLAGS = "-DNS_BLOCK_ASSERTIONS=1";
				PREBINDING = NO;
				SDKROOT = iphoneos4.1;
			};
			name = Release;
		};
/* End XCBuildConfiguration section */

/* Begin XCConfigurationList section */
		1D6058960D05DD3E006BFB54 /* Build configuration list for PBXNativeTarget "UKTVTweeter" */ = {
			isa = XCConfigurationList;
			buildConfigurations = (
				1D6058940D05DD3E006BFB54 /* Debug */,
				1D6058950D05DD3E006BFB54 /* Release */,
			);
			defaultConfigurationIsVisible = 0;
			defaultConfigurationName = Release;
		};
		C01FCF4E08A954540054247B /* Build configuration list for PBXProject "UKTVTweeter" */ = {
			isa = XCConfigurationList;
			buildConfigurations = (
				C01FCF4F08A954540054247B /* Debug */,
				C01FCF5008A954540054247B /* Release */,
			);
			defaultConfigurationIsVisible = 0;
			defaultConfigurationName = Release;
		};
/* End XCConfigurationList section */
	};
	rootObject = 29B97313FDCFA39411CA2CEA /* Project object */;
}
